// !$*UTF8*$!
{
	archiveVersion = 1;
	classes = {
	};
	objectVersion = 55;
	objects = {

/* Begin PBXBuildFile section */
		AD854EBD2781EC3F00AAFCD1 /* SwiftUIResumeApp.swift in Sources */ = {isa = PBXBuildFile; fileRef = AD854EBC2781EC3F00AAFCD1 /* SwiftUIResumeApp.swift */; };
		AD854EC12781EC4000AAFCD1 /* Assets.xcassets in Resources */ = {isa = PBXBuildFile; fileRef = AD854EC02781EC4000AAFCD1 /* Assets.xcassets */; };
		AD854EC42781EC4000AAFCD1 /* Preview Assets.xcassets in Resources */ = {isa = PBXBuildFile; fileRef = AD854EC32781EC4000AAFCD1 /* Preview Assets.xcassets */; };
		AD854ECF2781ECDE00AAFCD1 /* UIBezierPath+Extension.swift in Sources */ = {isa = PBXBuildFile; fileRef = AD854ECD2781ECDE00AAFCD1 /* UIBezierPath+Extension.swift */; };
		AD854ED32781ED6C00AAFCD1 /* LaunchView.swift in Sources */ = {isa = PBXBuildFile; fileRef = AD854ED22781ED6C00AAFCD1 /* LaunchView.swift */; };
		AD854ED52781EDB400AAFCD1 /* ShapeView.swift in Sources */ = {isa = PBXBuildFile; fileRef = AD854ED42781EDB400AAFCD1 /* ShapeView.swift */; };
		AD854EDF2781F82600AAFCD1 /* Me.txt in Resources */ = {isa = PBXBuildFile; fileRef = AD854EDE2781F82600AAFCD1 /* Me.txt */; };
		AD854EE72782029200AAFCD1 /* AppViewModel.swift in Sources */ = {isa = PBXBuildFile; fileRef = AD854EE62782029200AAFCD1 /* AppViewModel.swift */; };
		AD854EEA2782B9E300AAFCD1 /* DataService.swift in Sources */ = {isa = PBXBuildFile; fileRef = AD854EE92782B9E300AAFCD1 /* DataService.swift */; };
		AD854EEE2782BD3E00AAFCD1 /* HomeView.swift in Sources */ = {isa = PBXBuildFile; fileRef = AD854EED2782BD3E00AAFCD1 /* HomeView.swift */; };
		AD854EF12782BD5000AAFCD1 /* HomeViewModel.swift in Sources */ = {isa = PBXBuildFile; fileRef = AD854EF02782BD5000AAFCD1 /* HomeViewModel.swift */; };
		AD854EF42782BF4300AAFCD1 /* DataModel.swift in Sources */ = {isa = PBXBuildFile; fileRef = AD854EF32782BF4300AAFCD1 /* DataModel.swift */; };
		AD854EF62782C9CC00AAFCD1 /* ChatBubbleView.swift in Sources */ = {isa = PBXBuildFile; fileRef = AD854EF52782C9CC00AAFCD1 /* ChatBubbleView.swift */; };
		AD854EF82782CACF00AAFCD1 /* Muyao-Softbrush-2.ttf in Resources */ = {isa = PBXBuildFile; fileRef = AD854EF72782CACF00AAFCD1 /* Muyao-Softbrush-2.ttf */; };
/* End PBXBuildFile section */

/* Begin PBXFileReference section */
		AD854EB92781EC3F00AAFCD1 /* SwiftUIResume.app */ = {isa = PBXFileReference; explicitFileType = wrapper.application; includeInIndex = 0; path = SwiftUIResume.app; sourceTree = BUILT_PRODUCTS_DIR; };
		AD854EBC2781EC3F00AAFCD1 /* SwiftUIResumeApp.swift */ = {isa = PBXFileReference; lastKnownFileType = sourcecode.swift; path = SwiftUIResumeApp.swift; sourceTree = "<group>"; };
		AD854EC02781EC4000AAFCD1 /* Assets.xcassets */ = {isa = PBXFileReference; lastKnownFileType = folder.assetcatalog; path = Assets.xcassets; sourceTree = "<group>"; };
		AD854EC32781EC4000AAFCD1 /* Preview Assets.xcassets */ = {isa = PBXFileReference; lastKnownFileType = folder.assetcatalog; path = "Preview Assets.xcassets"; sourceTree = "<group>"; };
		AD854ECD2781ECDE00AAFCD1 /* UIBezierPath+Extension.swift */ = {isa = PBXFileReference; fileEncoding = 4; lastKnownFileType = sourcecode.swift; path = "UIBezierPath+Extension.swift"; sourceTree = "<group>"; };
		AD854ED22781ED6C00AAFCD1 /* LaunchView.swift */ = {isa = PBXFileReference; lastKnownFileType = sourcecode.swift; path = LaunchView.swift; sourceTree = "<group>"; };
		AD854ED42781EDB400AAFCD1 /* ShapeView.swift */ = {isa = PBXFileReference; lastKnownFileType = sourcecode.swift; path = ShapeView.swift; sourceTree = "<group>"; };
		AD854EDE2781F82600AAFCD1 /* Me.txt */ = {isa = PBXFileReference; fileEncoding = 4; lastKnownFileType = text; path = Me.txt; sourceTree = "<group>"; };
		AD854EE62782029200AAFCD1 /* AppViewModel.swift */ = {isa = PBXFileReference; lastKnownFileType = sourcecode.swift; path = AppViewModel.swift; sourceTree = "<group>"; };
		AD854EE92782B9E300AAFCD1 /* DataService.swift */ = {isa = PBXFileReference; lastKnownFileType = sourcecode.swift; path = DataService.swift; sourceTree = "<group>"; };
		AD854EED2782BD3E00AAFCD1 /* HomeView.swift */ = {isa = PBXFileReference; lastKnownFileType = sourcecode.swift; path = HomeView.swift; sourceTree = "<group>"; };
		AD854EF02782BD5000AAFCD1 /* HomeViewModel.swift */ = {isa = PBXFileReference; lastKnownFileType = sourcecode.swift; path = HomeViewModel.swift; sourceTree = "<group>"; };
		AD854EF32782BF4300AAFCD1 /* DataModel.swift */ = {isa = PBXFileReference; lastKnownFileType = sourcecode.swift; path = DataModel.swift; sourceTree = "<group>"; };
		AD854EF52782C9CC00AAFCD1 /* ChatBubbleView.swift */ = {isa = PBXFileReference; lastKnownFileType = sourcecode.swift; path = ChatBubbleView.swift; sourceTree = "<group>"; };
		AD854EF72782CACF00AAFCD1 /* Muyao-Softbrush-2.ttf */ = {isa = PBXFileReference; lastKnownFileType = file; path = "Muyao-Softbrush-2.ttf"; sourceTree = "<group>"; };
		AD854EF92782CB0200AAFCD1 /* Info.plist */ = {isa = PBXFileReference; lastKnownFileType = text.plist; path = Info.plist; sourceTree = "<group>"; };
		AD854EFC2784654E00AAFCD1 /* Record.gif */ = {isa = PBXFileReference; lastKnownFileType = image.gif; path = Record.gif; sourceTree = "<group>"; };
/* End PBXFileReference section */

/* Begin PBXFrameworksBuildPhase section */
		AD854EB62781EC3F00AAFCD1 /* Frameworks */ = {
			isa = PBXFrameworksBuildPhase;
			buildActionMask = 2147483647;
			files = (
			);
			runOnlyForDeploymentPostprocessing = 0;
		};
/* End PBXFrameworksBuildPhase section */

/* Begin PBXGroup section */
		AD854EB02781EC3F00AAFCD1 = {
			isa = PBXGroup;
			children = (
				AD854EBB2781EC3F00AAFCD1 /* SwiftUIResume */,
				AD854EBA2781EC3F00AAFCD1 /* Products */,
			);
			sourceTree = "<group>";
		};
		AD854EBA2781EC3F00AAFCD1 /* Products */ = {
			isa = PBXGroup;
			children = (
				AD854EB92781EC3F00AAFCD1 /* SwiftUIResume.app */,
			);
			name = Products;
			sourceTree = "<group>";
		};
		AD854EBB2781EC3F00AAFCD1 /* SwiftUIResume */ = {
			isa = PBXGroup;
			children = (
				AD854ED02781ED4F00AAFCD1 /* Screens */,
				AD854ECA2781EC9C00AAFCD1 /* Component */,
				AD854EF92782CB0200AAFCD1 /* Info.plist */,
				AD854EFC2784654E00AAFCD1 /* Record.gif */,
				AD854EDE2781F82600AAFCD1 /* Me.txt */,
				AD854EF72782CACF00AAFCD1 /* Muyao-Softbrush-2.ttf */,
				AD854EC02781EC4000AAFCD1 /* Assets.xcassets */,
				AD854EC22781EC4000AAFCD1 /* Preview Content */,
			);
			path = SwiftUIResume;
			sourceTree = "<group>";
		};
		AD854EC22781EC4000AAFCD1 /* Preview Content */ = {
			isa = PBXGroup;
			children = (
				AD854EC32781EC4000AAFCD1 /* Preview Assets.xcassets */,
			);
			path = "Preview Content";
			sourceTree = "<group>";
		};
		AD854ECA2781EC9C00AAFCD1 /* Component */ = {
			isa = PBXGroup;
			children = (
				AD854ECB2781ECD000AAFCD1 /* SVG to Path */,
			);
			path = Component;
			sourceTree = "<group>";
		};
		AD854ECB2781ECD000AAFCD1 /* SVG to Path */ = {
			isa = PBXGroup;
			children = (
				AD854ECD2781ECDE00AAFCD1 /* UIBezierPath+Extension.swift */,
				AD854ED42781EDB400AAFCD1 /* ShapeView.swift */,
			);
			path = "SVG to Path";
			sourceTree = "<group>";
		};
		AD854ED02781ED4F00AAFCD1 /* Screens */ = {
			isa = PBXGroup;
			children = (
				AD854EE32782023D00AAFCD1 /* App Screen */,
				AD854ED12781ED5700AAFCD1 /* Launch Screen */,
				AD854EEB2782BD2600AAFCD1 /* Home Screen */,
			);
			path = Screens;
			sourceTree = "<group>";
		};
		AD854ED12781ED5700AAFCD1 /* Launch Screen */ = {
			isa = PBXGroup;
			children = (
				AD854ED22781ED6C00AAFCD1 /* LaunchView.swift */,
			);
			path = "Launch Screen";
			sourceTree = "<group>";
		};
		AD854EE32782023D00AAFCD1 /* App Screen */ = {
			isa = PBXGroup;
			children = (
				AD854EE52782028100AAFCD1 /* View Model */,
				AD854EBC2781EC3F00AAFCD1 /* SwiftUIResumeApp.swift */,
			);
			path = "App Screen";
			sourceTree = "<group>";
		};
		AD854EE52782028100AAFCD1 /* View Model */ = {
			isa = PBXGroup;
			children = (
				AD854EE62782029200AAFCD1 /* AppViewModel.swift */,
			);
			path = "View Model";
			sourceTree = "<group>";
		};
		AD854EE82782B9BF00AAFCD1 /* Service */ = {
			isa = PBXGroup;
			children = (
				AD854EE92782B9E300AAFCD1 /* DataService.swift */,
			);
			path = Service;
			sourceTree = "<group>";
		};
		AD854EEB2782BD2600AAFCD1 /* Home Screen */ = {
			isa = PBXGroup;
			children = (
				AD854EF22782BF3500AAFCD1 /* Models */,
				AD854EE82782B9BF00AAFCD1 /* Service */,
				AD854EEF2782BD4200AAFCD1 /* View Model */,
				AD854EEC2782BD3400AAFCD1 /* Views */,
			);
			path = "Home Screen";
			sourceTree = "<group>";
		};
		AD854EEC2782BD3400AAFCD1 /* Views */ = {
			isa = PBXGroup;
			children = (
				AD854EED2782BD3E00AAFCD1 /* HomeView.swift */,
				AD854EF52782C9CC00AAFCD1 /* ChatBubbleView.swift */,
			);
			path = Views;
			sourceTree = "<group>";
		};
		AD854EEF2782BD4200AAFCD1 /* View Model */ = {
			isa = PBXGroup;
			children = (
				AD854EF02782BD5000AAFCD1 /* HomeViewModel.swift */,
			);
			path = "View Model";
			sourceTree = "<group>";
		};
		AD854EF22782BF3500AAFCD1 /* Models */ = {
			isa = PBXGroup;
			children = (
				AD854EF32782BF4300AAFCD1 /* DataModel.swift */,
			);
			path = Models;
			sourceTree = "<group>";
		};
/* End PBXGroup section */

/* Begin PBXNativeTarget section */
		AD854EB82781EC3F00AAFCD1 /* SwiftUIResume */ = {
			isa = PBXNativeTarget;
			buildConfigurationList = AD854EC72781EC4000AAFCD1 /* Build configuration list for PBXNativeTarget "SwiftUIResume" */;
			buildPhases = (
				AD854EB52781EC3F00AAFCD1 /* Sources */,
				AD854EB62781EC3F00AAFCD1 /* Frameworks */,
				AD854EB72781EC3F00AAFCD1 /* Resources */,
			);
			buildRules = (
			);
			dependencies = (
			);
			name = SwiftUIResume;
			productName = SwiftUIResume;
			productReference = AD854EB92781EC3F00AAFCD1 /* SwiftUIResume.app */;
			productType = "com.apple.product-type.application";
		};
/* End PBXNativeTarget section */

/* Begin PBXProject section */
		AD854EB12781EC3F00AAFCD1 /* Project object */ = {
			isa = PBXProject;
			attributes = {
				BuildIndependentTargetsInParallel = 1;
				LastSwiftUpdateCheck = 1300;
				LastUpgradeCheck = 1300;
				TargetAttributes = {
					AD854EB82781EC3F00AAFCD1 = {
						CreatedOnToolsVersion = 13.0;
					};
				};
			};
			buildConfigurationList = AD854EB42781EC3F00AAFCD1 /* Build configuration list for PBXProject "SwiftUIResume" */;
			compatibilityVersion = "Xcode 13.0";
			developmentRegion = en;
			hasScannedForEncodings = 0;
			knownRegions = (
				en,
				Base,
			);
			mainGroup = AD854EB02781EC3F00AAFCD1;
			productRefGroup = AD854EBA2781EC3F00AAFCD1 /* Products */;
			projectDirPath = "";
			projectRoot = "";
			targets = (
				AD854EB82781EC3F00AAFCD1 /* SwiftUIResume */,
			);
		};
/* End PBXProject section */

/* Begin PBXResourcesBuildPhase section */
		AD854EB72781EC3F00AAFCD1 /* Resources */ = {
			isa = PBXResourcesBuildPhase;
			buildActionMask = 2147483647;
			files = (
				AD854EF82782CACF00AAFCD1 /* Muyao-Softbrush-2.ttf in Resources */,
				AD854EC42781EC4000AAFCD1 /* Preview Assets.xcassets in Resources */,
				AD854EDF2781F82600AAFCD1 /* Me.txt in Resources */,
				AD854EC12781EC4000AAFCD1 /* Assets.xcassets in Resources */,
			);
			runOnlyForDeploymentPostprocessing = 0;
		};
/* End PBXResourcesBuildPhase section */

/* Begin PBXSourcesBuildPhase section */
		AD854EB52781EC3F00AAFCD1 /* Sources */ = {
			isa = PBXSourcesBuildPhase;
			buildActionMask = 2147483647;
			files = (
				AD854EEA2782B9E300AAFCD1 /* DataService.swift in Sources */,
				AD854EF12782BD5000AAFCD1 /* HomeViewModel.swift in Sources */,
				AD854ED52781EDB400AAFCD1 /* ShapeView.swift in Sources */,
				AD854EEE2782BD3E00AAFCD1 /* HomeView.swift in Sources */,
				AD854EF42782BF4300AAFCD1 /* DataModel.swift in Sources */,
				AD854EE72782029200AAFCD1 /* AppViewModel.swift in Sources */,
				AD854ED32781ED6C00AAFCD1 /* LaunchView.swift in Sources */,
				AD854EF62782C9CC00AAFCD1 /* ChatBubbleView.swift in Sources */,
				AD854EBD2781EC3F00AAFCD1 /* SwiftUIResumeApp.swift in Sources */,
				AD854ECF2781ECDE00AAFCD1 /* UIBezierPath+Extension.swift in Sources */,
			);
			runOnlyForDeploymentPostprocessing = 0;
		};
/* End PBXSourcesBuildPhase section */

/* Begin XCBuildConfiguration section */
		AD854EC52781EC4000AAFCD1 /* Debug */ = {
			isa = XCBuildConfiguration;
			buildSettings = {
				ALWAYS_SEARCH_USER_PATHS = NO;
				CLANG_ANALYZER_NONNULL = YES;
				CLANG_ANALYZER_NUMBER_OBJECT_CONVERSION = YES_AGGRESSIVE;
				CLANG_CXX_LANGUAGE_STANDARD = "gnu++17";
				CLANG_CXX_LIBRARY = "libc++";
				CLANG_ENABLE_MODULES = YES;
				CLANG_ENABLE_OBJC_ARC = YES;
				CLANG_ENABLE_OBJC_WEAK = YES;
				CLANG_WARN_BLOCK_CAPTURE_AUTORELEASING = YES;
				CLANG_WARN_BOOL_CONVERSION = YES;
				CLANG_WARN_COMMA = YES;
				CLANG_WARN_CONSTANT_CONVERSION = YES;
				CLANG_WARN_DEPRECATED_OBJC_IMPLEMENTATIONS = YES;
				CLANG_WARN_DIRECT_OBJC_ISA_USAGE = YES_ERROR;
				CLANG_WARN_DOCUMENTATION_COMMENTS = YES;
				CLANG_WARN_EMPTY_BODY = YES;
				CLANG_WARN_ENUM_CONVERSION = YES;
				CLANG_WARN_INFINITE_RECURSION = YES;
				CLANG_WARN_INT_CONVERSION = YES;
				CLANG_WARN_NON_LITERAL_NULL_CONVERSION = YES;
				CLANG_WARN_OBJC_IMPLICIT_RETAIN_SELF = YES;
				CLANG_WARN_OBJC_LITERAL_CONVERSION = YES;
				CLANG_WARN_OBJC_ROOT_CLASS = YES_ERROR;
				CLANG_WARN_QUOTED_INCLUDE_IN_FRAMEWORK_HEADER = YES;
				CLANG_WARN_RANGE_LOOP_ANALYSIS = YES;
				CLANG_WARN_STRICT_PROTOTYPES = YES;
				CLANG_WARN_SUSPICIOUS_MOVE = YES;
				CLANG_WARN_UNGUARDED_AVAILABILITY = YES_AGGRESSIVE;
				CLANG_WARN_UNREACHABLE_CODE = YES;
				CLANG_WARN__DUPLICATE_METHOD_MATCH = YES;
				COPY_PHASE_STRIP = NO;
				DEBUG_INFORMATION_FORMAT = dwarf;
				ENABLE_STRICT_OBJC_MSGSEND = YES;
				ENABLE_TESTABILITY = YES;
				GCC_C_LANGUAGE_STANDARD = gnu11;
				GCC_DYNAMIC_NO_PIC = NO;
				GCC_NO_COMMON_BLOCKS = YES;
				GCC_OPTIMIZATION_LEVEL = 0;
				GCC_PREPROCESSOR_DEFINITIONS = (
					"DEBUG=1",
					"$(inherited)",
				);
				GCC_WARN_64_TO_32_BIT_CONVERSION = YES;
				GCC_WARN_ABOUT_RETURN_TYPE = YES_ERROR;
				GCC_WARN_UNDECLARED_SELECTOR = YES;
				GCC_WARN_UNINITIALIZED_AUTOS = YES_AGGRESSIVE;
				GCC_WARN_UNUSED_FUNCTION = YES;
				GCC_WARN_UNUSED_VARIABLE = YES;
				IPHONEOS_DEPLOYMENT_TARGET = 15.0;
				MTL_ENABLE_DEBUG_INFO = INCLUDE_SOURCE;
				MTL_FAST_MATH = YES;
				ONLY_ACTIVE_ARCH = YES;
				SDKROOT = iphoneos;
				SWIFT_ACTIVE_COMPILATION_CONDITIONS = DEBUG;
				SWIFT_OPTIMIZATION_LEVEL = "-Onone";
			};
			name = Debug;
		};
		AD854EC62781EC4000AAFCD1 /* Release */ = {
			isa = XCBuildConfiguration;
			buildSettings = {
				ALWAYS_SEARCH_USER_PATHS = NO;
				CLANG_ANALYZER_NONNULL = YES;
				CLANG_ANALYZER_NUMBER_OBJECT_CONVERSION = YES_AGGRESSIVE;
				CLANG_CXX_LANGUAGE_STANDARD = "gnu++17";
				CLANG_CXX_LIBRARY = "libc++";
				CLANG_ENABLE_MODULES = YES;
				CLANG_ENABLE_OBJC_ARC = YES;
				CLANG_ENABLE_OBJC_WEAK = YES;
				CLANG_WARN_BLOCK_CAPTURE_AUTORELEASING = YES;
				CLANG_WARN_BOOL_CONVERSION = YES;
				CLANG_WARN_COMMA = YES;
				CLANG_WARN_CONSTANT_CONVERSION = YES;
				CLANG_WARN_DEPRECATED_OBJC_IMPLEMENTATIONS = YES;
				CLANG_WARN_DIRECT_OBJC_ISA_USAGE = YES_ERROR;
				CLANG_WARN_DOCUMENTATION_COMMENTS = YES;
				CLANG_WARN_EMPTY_BODY = YES;
				CLANG_WARN_ENUM_CONVERSION = YES;
				CLANG_WARN_INFINITE_RECURSION = YES;
				CLANG_WARN_INT_CONVERSION = YES;
				CLANG_WARN_NON_LITERAL_NULL_CONVERSION = YES;
				CLANG_WARN_OBJC_IMPLICIT_RETAIN_SELF = YES;
				CLANG_WARN_OBJC_LITERAL_CONVERSION = YES;
				CLANG_WARN_OBJC_ROOT_CLASS = YES_ERROR;
				CLANG_WARN_QUOTED_INCLUDE_IN_FRAMEWORK_HEADER = YES;
				CLANG_WARN_RANGE_LOOP_ANALYSIS = YES;
				CLANG_WARN_STRICT_PROTOTYPES = YES;
				CLANG_WARN_SUSPICIOUS_MOVE = YES;
				CLANG_WARN_UNGUARDED_AVAILABILITY = YES_AGGRESSIVE;
				CLANG_WARN_UNREACHABLE_CODE = YES;
				CLANG_WARN__DUPLICATE_METHOD_MATCH = YES;
				COPY_PHASE_STRIP = NO;
				DEBUG_INFORMATION_FORMAT = "dwarf-with-dsym";
				ENABLE_NS_ASSERTIONS = NO;
				ENABLE_STRICT_OBJC_MSGSEND = YES;
				GCC_C_LANGUAGE_STANDARD = gnu11;
				GCC_NO_COMMON_BLOCKS = YES;
				GCC_WARN_64_TO_32_BIT_CONVERSION = YES;
				GCC_WARN_ABOUT_RETURN_TYPE = YES_ERROR;
				GCC_WARN_UNDECLARED_SELECTOR = YES;
				GCC_WARN_UNINITIALIZED_AUTOS = YES_AGGRESSIVE;
				GCC_WARN_UNUSED_FUNCTION = YES;
				GCC_WARN_UNUSED_VARIABLE = YES;
				IPHONEOS_DEPLOYMENT_TARGET = 15.0;
				MTL_ENABLE_DEBUG_INFO = NO;
				MTL_FAST_MATH = YES;
				SDKROOT = iphoneos;
				SWIFT_COMPILATION_MODE = wholemodule;
				SWIFT_OPTIMIZATION_LEVEL = "-O";
				VALIDATE_PRODUCT = YES;
			};
			name = Release;
		};
		AD854EC82781EC4000AAFCD1 /* Debug */ = {
			isa = XCBuildConfiguration;
			buildSettings = {
				ASSETCATALOG_COMPILER_APPICON_NAME = AppIcon;
				ASSETCATALOG_COMPILER_GLOBAL_ACCENT_COLOR_NAME = AccentColor;
				CODE_SIGN_STYLE = Automatic;
				CURRENT_PROJECT_VERSION = 1;
				DEVELOPMENT_ASSET_PATHS = "\"SwiftUIResume/Preview Content\"";
				DEVELOPMENT_TEAM = LHAYGSB5VA;
				ENABLE_PREVIEWS = YES;
				GENERATE_INFOPLIST_FILE = YES;
				INFOPLIST_FILE = SwiftUIResume/Info.plist;
				INFOPLIST_KEY_UIApplicationSceneManifest_Generation = YES;
				INFOPLIST_KEY_UIApplicationSupportsIndirectInputEvents = YES;
				INFOPLIST_KEY_UILaunchScreen_Generation = YES;
				INFOPLIST_KEY_UISupportedInterfaceOrientations_iPad = "UIInterfaceOrientationPortrait UIInterfaceOrientationPortraitUpsideDown UIInterfaceOrientationLandscapeLeft UIInterfaceOrientationLandscapeRight";
				INFOPLIST_KEY_UISupportedInterfaceOrientations_iPhone = "UIInterfaceOrientationPortrait UIInterfaceOrientationLandscapeLeft UIInterfaceOrientationLandscapeRight";
				IPHONEOS_DEPLOYMENT_TARGET = 15.0;
				LD_RUNPATH_SEARCH_PATHS = (
					"$(inherited)",
					"@executable_path/Frameworks",
				);
				MARKETING_VERSION = 1.0;
				PRODUCT_BUNDLE_IDENTIFIER = com.chr1s78.SwiftUIResume;
				PRODUCT_NAME = "$(TARGET_NAME)";
				SWIFT_EMIT_LOC_STRINGS = YES;
				SWIFT_VERSION = 5.0;
				TARGETED_DEVICE_FAMILY = "1,2";
			};
			name = Debug;
		};
		AD854EC92781EC4000AAFCD1 /* Release */ = {
			isa = XCBuildConfiguration;
			buildSettings = {
				ASSETCATALOG_COMPILER_APPICON_NAME = AppIcon;
				ASSETCATALOG_COMPILER_GLOBAL_ACCENT_COLOR_NAME = AccentColor;
				CODE_SIGN_STYLE = Automatic;
				CURRENT_PROJECT_VERSION = 1;
				DEVELOPMENT_ASSET_PATHS = "\"SwiftUIResume/Preview Content\"";
				DEVELOPMENT_TEAM = LHAYGSB5VA;
				ENABLE_PREVIEWS = YES;
				GENERATE_INFOPLIST_FILE = YES;
				INFOPLIST_FILE = SwiftUIResume/Info.plist;
				INFOPLIST_KEY_UIApplicationSceneManifest_Generation = YES;
				INFOPLIST_KEY_UIApplicationSupportsIndirectInputEvents = YES;
				INFOPLIST_KEY_UILaunchScreen_Generation = YES;
				INFOPLIST_KEY_UISupportedInterfaceOrientations_iPad = "UIInterfaceOrientationPortrait UIInterfaceOrientationPortraitUpsideDown UIInterfaceOrientationLandscapeLeft UIInterfaceOrientationLandscapeRight";
				INFOPLIST_KEY_UISupportedInterfaceOrientations_iPhone = "UIInterfaceOrientationPortrait UIInterfaceOrientationLandscapeLeft UIInterfaceOrientationLandscapeRight";
				IPHONEOS_DEPLOYMENT_TARGET = 15.0;
				LD_RUNPATH_SEARCH_PATHS = (
					"$(inherited)",
					"@executable_path/Frameworks",
				);
				MARKETING_VERSION = 1.0;
				PRODUCT_BUNDLE_IDENTIFIER = com.chr1s78.SwiftUIResume;
				PRODUCT_NAME = "$(TARGET_NAME)";
				SWIFT_EMIT_LOC_STRINGS = YES;
				SWIFT_VERSION = 5.0;
				TARGETED_DEVICE_FAMILY = "1,2";
			};
			name = Release;
		};
/* End XCBuildConfiguration section */

/* Begin XCConfigurationList section */
		AD854EB42781EC3F00AAFCD1 /* Build configuration list for PBXProject "SwiftUIResume" */ = {
			isa = XCConfigurationList;
			buildConfigurations = (
				AD854EC52781EC4000AAFCD1 /* Debug */,
				AD854EC62781EC4000AAFCD1 /* Release */,
			);
			defaultConfigurationIsVisible = 0;
			defaultConfigurationName = Release;
		};
		AD854EC72781EC4000AAFCD1 /* Build configuration list for PBXNativeTarget "SwiftUIResume" */ = {
			isa = XCConfigurationList;
			buildConfigurations = (
				AD854EC82781EC4000AAFCD1 /* Debug */,
				AD854EC92781EC4000AAFCD1 /* Release */,
			);
			defaultConfigurationIsVisible = 0;
			defaultConfigurationName = Release;
		};
/* End XCConfigurationList section */
	};
	rootObject = AD854EB12781EC3F00AAFCD1 /* Project object */;
}
